
Microsoft Visual Studio Solution File, Format Version 12.00
# Visual Studio Version 17
VisualStudioVersion = 17.7.34031.279
MinimumVisualStudioVersion = 10.0.40219.1
Project("{FAE04EC0-301F-11D3-BF4B-00C04F79EFBC}") = "StephanieL_Prog2_Final", "StephanieL_Prog2_Final.csproj", "{FFC40505-0999-474C-A9B1-8506FFDC2970}"
EndProject
Global
	GlobalSection(SolutionConfigurationPlatforms) = preSolution
		Debug|Any CPU = Debug|Any CPU
		Release|Any CPU = Release|Any CPU
	EndGlobalSection
	GlobalSection(ProjectConfigurationPlatforms) = postSolution
		{FFC40505-0999-474C-A9B1-8506FFDC2970}.Debug|Any CPU.ActiveCfg = Debug|Any CPU
		{FFC40505-0999-474C-A9B1-8506FFDC2970}.Debug|Any CPU.Build.0 = Debug|Any CPU
		{FFC40505-0999-474C-A9B1-8506FFDC2970}.Release|Any CPU.ActiveCfg = Release|Any CPU
		{FFC40505-0999-474C-A9B1-8506FFDC2970}.Release|Any CPU.Build.0 = Release|Any CPU
	EndGlobalSection
	GlobalSection(SolutionProperties) = preSolution
		HideSolutionNode = FALSE
	EndGlobalSection
	GlobalSection(ExtensibilityGlobals) = postSolution
		SolutionGuid = {AF61FE1C-9DCD-4A55-988F-B11C622E9A66}
	EndGlobalSection
EndGlobal
